
Microsoft Visual Studio Solution File, Format Version 12.00
Project("{FAE04EC0-301F-11D3-BF4B-00C04F79EFBC}") = "EventSourcedCallAudit", "EventSourcedCallAudit.csproj", "{230EC01D-AE1F-4E4F-B122-EA7AC49BD289}"
EndProject
Global
	GlobalSection(SolutionConfigurationPlatforms) = preSolution
		Debug|Any CPU = Debug|Any CPU
		Release|Any CPU = Release|Any CPU
	EndGlobalSection
	GlobalSection(ProjectConfigurationPlatforms) = postSolution
		{230EC01D-AE1F-4E4F-B122-EA7AC49BD289}.Debug|Any CPU.ActiveCfg = Debug|Any CPU
		{230EC01D-AE1F-4E4F-B122-EA7AC49BD289}.Debug|Any CPU.Build.0 = Debug|Any CPU
		{230EC01D-AE1F-4E4F-B122-EA7AC49BD289}.Release|Any CPU.ActiveCfg = Release|Any CPU
		{230EC01D-AE1F-4E4F-B122-EA7AC49BD289}.Release|Any CPU.Build.0 = Release|Any CPU
	EndGlobalSection
EndGlobal
